payload:
  - DOMAIN-SUFFIX,snssdk.com
  - DOMAIN-SUFFIX,bdstatic.com
  - DOMAIN-SUFFIX,umeng.com
  - DOMAIN-SUFFIX,v5tv.com
  - DOMAIN-SUFFIX,msg.ptqy.gitv.tv
  - DOMAIN-SUFFIX,api.miwifi.com
  - DOMAIN-SUFFIX,miwifi.com
  - DOMAIN-SUFFIX,hpplay.cn
  - DOMAIN-SUFFIX,admaster.com.cn
  - DOMAIN-SUFFIX,ad.mi.com
  - DOMAIN-SUFFIX,ad.xiaomi.com
  - DOMAIN-SUFFIX,ad1.xiaomi.com
  - DOMAIN-SUFFIX,pandora.xiaomi.com
  - DOMAIN-SUFFIX,kuyun.com
  - DOMAIN-SUFFIX,market.xiaomi.com
  - DOMAIN-SUFFIX,file.xmpush.xiaomi.com
  - DOMAIN-SUFFIX,tracking.miui.com
  - DOMAIN-SUFFIX,pandora.mi.com
  - DOMAIN-SUFFIX,cupid.ptqy.gitv.tv
  - DOMAIN-SUFFIX,comad.xiaomi.com
  - DOMAIN-SUFFIX,adv.sec.miui.com
  - DOMAIN-SUFFIX,mistat.xiaomi.com
  - DOMAIN-SUFFIX,mtrace.play.aiseet.atianqi.com
  - DOMAIN-SUFFIX,h.trace.qq.com
  - DOMAIN-SUFFIX,btrace.play.ott.video.qq.com
  - DOMAIN-SUFFIX,vmindhls.tc.qq.com
  - DOMAIN-SUFFIX,iot.open.qq.com
  - DOMAIN-SUFFIX,omgmta.play.ott.video.qq.com
  - DOMAIN-SUFFIX,cm.bilibili.com
  - DOMAIN-SUFFIX,apm-misaka.snm0516.aisee.tv
  - DOMAIN-SUFFIX,btrace.play.aiseet.atianqi.com
  - DOMAIN-SUFFIX,sdkconfig.play.aiseet.atianqi.com
  - DOMAIN-SUFFIX,soup.play.aiseet.atianqi.com
  - DOMAIN-SUFFIX,ottaaa.yst.aisee.tv
  - DOMAIN-SUFFIX,mcdn.bilivideo.cn
  - DOMAIN-SUFFIX,szbdyd.com